
Microsoft Visual Studio Solution File, Format Version 12.00
# Visual Studio Version 17
VisualStudioVersion = 17.4.33205.214
MinimumVisualStudioVersion = 10.0.40219.1
Project("{FAE04EC0-301F-11D3-BF4B-00C04F79EFBC}") = "ChallengeIntroCoding", "ChallengeIntroCoding\ChallengeIntroCoding.csproj", "{13E2C8EB-D8F0-4E76-A34B-7AA34D41E237}"
EndProject
Global
	GlobalSection(SolutionConfigurationPlatforms) = preSolution
		Debug|Any CPU = Debug|Any CPU
		Release|Any CPU = Release|Any CPU
	EndGlobalSection
	GlobalSection(ProjectConfigurationPlatforms) = postSolution
		{13E2C8EB-D8F0-4E76-A34B-7AA34D41E237}.Debug|Any CPU.ActiveCfg = Debug|Any CPU
		{13E2C8EB-D8F0-4E76-A34B-7AA34D41E237}.Debug|Any CPU.Build.0 = Debug|Any CPU
		{13E2C8EB-D8F0-4E76-A34B-7AA34D41E237}.Release|Any CPU.ActiveCfg = Release|Any CPU
		{13E2C8EB-D8F0-4E76-A34B-7AA34D41E237}.Release|Any CPU.Build.0 = Release|Any CPU
	EndGlobalSection
	GlobalSection(SolutionProperties) = preSolution
		HideSolutionNode = FALSE
	EndGlobalSection
	GlobalSection(ExtensibilityGlobals) = postSolution
		SolutionGuid = {16D69EEA-CF7C-4656-AD9D-86CA69C82240}
	EndGlobalSection
EndGlobal
